<?xml version="1.0" encoding="utf-8"?>
<Project ToolsVersion="4.0" xmlns="http://schemas.microsoft.com/developer/msbuild/2003">
  <ItemGroup>
    <Filter Include="Source Files">
      <UniqueIdentifier>{4FC737F1-C7A5-4376-A066-2A32D752A2FF}</UniqueIdentifier>
      <Extensions>cpp;c;cc;cxx;c++;cppm;ixx;def;odl;idl;hpj;bat;asm;asmx</Extensions>
    </Filter>
    <Filter Include="Header Files">
      <UniqueIdentifier>{93995380-89BD-4b04-88EB-625FBE52EBFB}</UniqueIdentifier>
      <Extensions>h;hh;hpp;hxx;h++;hm;inl;inc;ipp;xsd</Extensions>
    </Filter>
    <Filter Include="Resource Files">
      <UniqueIdentifier>{67DA6AB6-F800-4c08-8B7A-83BB121AAD01}</UniqueIdentifier>
      <Extensions>rc;ico;cur;bmp;dlg;rc2;rct;bin;rgs;gif;jpg;jpeg;jpe;resx;tiff;tif;png;wav;mfcribbon-ms</Extensions>
    </Filter>
  </ItemGroup>
  <ItemGroup>
    <ClInclude Include="GL Kol 2 2023.h">
      <Filter>Header Files</Filter>
    </ClInclude>
    <ClInclude Include="framework.h">
      <Filter>Header Files</Filter>
    </ClInclude>
    <ClInclude Include="targetver.h">
      <Filter>Header Files</Filter>
    </ClInclude>
    <ClInclude Include="MainFrm.h">
      <Filter>Header Files</Filter>
    </ClInclude>
    <ClInclude Include="GL Kol 2 2023Doc.h">
      <Filter>Header Files</Filter>
    </ClInclude>
    <ClInclude Include="GL Kol 2 2023View.h">
      <Filter>Header Files</Filter>
    </ClInclude>
    <ClInclude Include="Resource.h">
      <Filter>Header Files</Filter>
    </ClInclude>
    <ClInclude Include="pch.h">
      <Filter>Header Files</Filter>
    </ClInclude>
    <ClInclude Include="CGLRenderer.h">
      <Filter>Header Files</Filter>
    </ClInclude>
    <ClInclude Include="GL\GL.H">
      <Filter>Header Files</Filter>
    </ClInclude>
    <ClInclude Include="GL\GLAUX.H">
      <Filter>Header Files</Filter>
    </ClInclude>
    <ClInclude Include="GL\GLU.H">
      <Filter>Header Files</Filter>
    </ClInclude>
    <ClInclude Include="GL\glut.h">
      <Filter>Header Files</Filter>
    </ClInclude>
    <ClInclude Include="DImage.h">
      <Filter>Header Files</Filter>
    </ClInclude>
  </ItemGroup>
  <ItemGroup>
    <ClCompile Include="GL Kol 2 2023.cpp">
      <Filter>Source Files</Filter>
    </ClCompile>
    <ClCompile Include="MainFrm.cpp">
      <Filter>Source Files</Filter>
    </ClCompile>
    <ClCompile Include="GL Kol 2 2023Doc.cpp">
      <Filter>Source Files</Filter>
    </ClCompile>
    <ClCompile Include="GL Kol 2 2023View.cpp">
      <Filter>Source Files</Filter>
    </ClCompile>
    <ClCompile Include="pch.cpp">
      <Filter>Source Files</Filter>
    </ClCompile>
    <ClCompile Include="CGLRenderer.cpp">
      <Filter>Source Files</Filter>
    </ClCompile>
    <ClCompile Include="DImage.cpp">
      <Filter>Source Files</Filter>
    </ClCompile>
  </ItemGroup>
  <ItemGroup>
    <ResourceCompile Include="GLKol22023.rc">
      <Filter>Resource Files</Filter>
    </ResourceCompile>
  </ItemGroup>
  <ItemGroup>
    <None Include="res\GLKol22023.rc2">
      <Filter>Resource Files</Filter>
    </None>
  </ItemGroup>
  <ItemGroup>
    <Image Include="res\GL Kol 2 2023Doc.ico">
      <Filter>Resource Files</Filter>
    </Image>
    <Image Include="res\GL Kol 2 2023.ico">
      <Filter>Resource Files</Filter>
    </Image>
    <Image Include="res\Toolbar.bmp">
      <Filter>Resource Files</Filter>
    </Image>
    <Image Include="back.jpg">
      <Filter>Resource Files</Filter>
    </Image>
    <Image Include="bot.jpg">
      <Filter>Resource Files</Filter>
    </Image>
    <Image Include="front.jpg">
      <Filter>Resource Files</Filter>
    </Image>
    <Image Include="lamp.jpg">
      <Filter>Resource Files</Filter>
    </Image>
    <Image Include="left.jpg">
      <Filter>Resource Files</Filter>
    </Image>
    <Image Include="right.jpg">
      <Filter>Resource Files</Filter>
    </Image>
    <Image Include="side.jpg">
      <Filter>Resource Files</Filter>
    </Image>
    <Image Include="top.jpg">
      <Filter>Resource Files</Filter>
    </Image>
  </ItemGroup>
  <ItemGroup>
    <Library Include="GL\GLAUX.LIB" />
    <Library Include="GL\GLU32.LIB" />
    <Library Include="GL\glut32.lib" />
  </ItemGroup>
</Project>